
Microsoft Visual Studio Solution File, Format Version 12.00
# Visual Studio Version 17
VisualStudioVersion = 17.0.31903.59
MinimumVisualStudioVersion = 10.0.40219.1
Project("{9A19103F-16F7-4668-BE54-9A1E7A4F7556}") = "Pazarama.Homework.Web", "Pazarama.Homework.Web\Pazarama.Homework.Web.csproj", "{711612A4-041F-4051-904C-C0419B98EEF2}"
EndProject
Project("{9A19103F-16F7-4668-BE54-9A1E7A4F7556}") = "Pazarama.Homework.Core", "Pazarama.Homework.Core\Pazarama.Homework.Core.csproj", "{8995D078-75AE-4CF7-B357-0CFFCFE75F8F}"
EndProject
Project("{9A19103F-16F7-4668-BE54-9A1E7A4F7556}") = "Pazarama.Homework.Data", "Pazarama.Homework.Data\Pazarama.Homework.Data.csproj", "{15C674F6-6FA5-4B4F-9847-7E73EFB91E19}"
EndProject
Project("{FAE04EC0-301F-11D3-BF4B-00C04F79EFBC}") = "Pazarama.Homework.Services", "Pazarama.Homework.Services\Pazarama.Homework.Services.csproj", "{52AA0523-52D9-4120-81D1-54A5B34F1EE0}"
EndProject
Project("{FAE04EC0-301F-11D3-BF4B-00C04F79EFBC}") = "Pazarama.Homework.Test", "Pazarama.Homework.Test\Pazarama.Homework.Test.csproj", "{6BAE3D5B-1D1E-4D59-9176-375561CEF7BA}"
EndProject
Global
	GlobalSection(SolutionConfigurationPlatforms) = preSolution
		Debug|Any CPU = Debug|Any CPU
		Release|Any CPU = Release|Any CPU
	EndGlobalSection
	GlobalSection(ProjectConfigurationPlatforms) = postSolution
		{711612A4-041F-4051-904C-C0419B98EEF2}.Debug|Any CPU.ActiveCfg = Debug|Any CPU
		{711612A4-041F-4051-904C-C0419B98EEF2}.Debug|Any CPU.Build.0 = Debug|Any CPU
		{711612A4-041F-4051-904C-C0419B98EEF2}.Release|Any CPU.ActiveCfg = Release|Any CPU
		{711612A4-041F-4051-904C-C0419B98EEF2}.Release|Any CPU.Build.0 = Release|Any CPU
		{8995D078-75AE-4CF7-B357-0CFFCFE75F8F}.Debug|Any CPU.ActiveCfg = Debug|Any CPU
		{8995D078-75AE-4CF7-B357-0CFFCFE75F8F}.Debug|Any CPU.Build.0 = Debug|Any CPU
		{8995D078-75AE-4CF7-B357-0CFFCFE75F8F}.Release|Any CPU.ActiveCfg = Release|Any CPU
		{8995D078-75AE-4CF7-B357-0CFFCFE75F8F}.Release|Any CPU.Build.0 = Release|Any CPU
		{15C674F6-6FA5-4B4F-9847-7E73EFB91E19}.Debug|Any CPU.ActiveCfg = Debug|Any CPU
		{15C674F6-6FA5-4B4F-9847-7E73EFB91E19}.Debug|Any CPU.Build.0 = Debug|Any CPU
		{15C674F6-6FA5-4B4F-9847-7E73EFB91E19}.Release|Any CPU.ActiveCfg = Release|Any CPU
		{15C674F6-6FA5-4B4F-9847-7E73EFB91E19}.Release|Any CPU.Build.0 = Release|Any CPU
		{52AA0523-52D9-4120-81D1-54A5B34F1EE0}.Debug|Any CPU.ActiveCfg = Debug|Any CPU
		{52AA0523-52D9-4120-81D1-54A5B34F1EE0}.Debug|Any CPU.Build.0 = Debug|Any CPU
		{52AA0523-52D9-4120-81D1-54A5B34F1EE0}.Release|Any CPU.ActiveCfg = Release|Any CPU
		{52AA0523-52D9-4120-81D1-54A5B34F1EE0}.Release|Any CPU.Build.0 = Release|Any CPU
		{6BAE3D5B-1D1E-4D59-9176-375561CEF7BA}.Debug|Any CPU.ActiveCfg = Debug|Any CPU
		{6BAE3D5B-1D1E-4D59-9176-375561CEF7BA}.Debug|Any CPU.Build.0 = Debug|Any CPU
		{6BAE3D5B-1D1E-4D59-9176-375561CEF7BA}.Release|Any CPU.ActiveCfg = Release|Any CPU
		{6BAE3D5B-1D1E-4D59-9176-375561CEF7BA}.Release|Any CPU.Build.0 = Release|Any CPU
	EndGlobalSection
	GlobalSection(SolutionProperties) = preSolution
		HideSolutionNode = FALSE
	EndGlobalSection
	GlobalSection(ExtensibilityGlobals) = postSolution
		SolutionGuid = {EA1CC75A-51B8-4074-B317-0F0ECFC8FF5C}
	EndGlobalSection
EndGlobal
